PODS:
  - SwiftFormat/CLI (0.38.0)
  - SwiftLint (0.32.0)

DEPENDENCIES:
  - SwiftFormat/CLI (~> 0.38.0)
  - SwiftLint (~> 0.31)

SPEC REPOS:
  https://github.com/cocoapods/specs.git:
    - SwiftFormat
    - SwiftLint

SPEC CHECKSUMS:
  SwiftFormat: 0762bc591b9f6e8efa99402e714a03ede5151656
  SwiftLint: 009a898ef2a1c851f45e1b59349bf6ff2ddc990d

PODFILE CHECKSUM: 7b64c74ddbc2af904a8d8f26b7c9deca30e95bed

COCOAPODS: 1.6.2
